
Microsoft Visual Studio Solution File, Format Version 12.00
# Visual Studio Version 17
VisualStudioVersion = 17.2.32519.379
MinimumVisualStudioVersion = 10.0.40219.1
Project("{FAE04EC0-301F-11D3-BF4B-00C04F79EFBC}") = "stss", "stss.csproj", "{0B91F75F-C765-4B40-A99E-179354B0A5F6}"
EndProject
Global
	GlobalSection(SolutionConfigurationPlatforms) = preSolution
		Debug|Any CPU = Debug|Any CPU
		Release|Any CPU = Release|Any CPU
	EndGlobalSection
	GlobalSection(ProjectConfigurationPlatforms) = postSolution
		{0B91F75F-C765-4B40-A99E-179354B0A5F6}.Debug|Any CPU.ActiveCfg = Debug|Any CPU
		{0B91F75F-C765-4B40-A99E-179354B0A5F6}.Debug|Any CPU.Build.0 = Debug|Any CPU
		{0B91F75F-C765-4B40-A99E-179354B0A5F6}.Release|Any CPU.ActiveCfg = Release|Any CPU
		{0B91F75F-C765-4B40-A99E-179354B0A5F6}.Release|Any CPU.Build.0 = Release|Any CPU
	EndGlobalSection
	GlobalSection(SolutionProperties) = preSolution
		HideSolutionNode = FALSE
	EndGlobalSection
	GlobalSection(ExtensibilityGlobals) = postSolution
		SolutionGuid = {D32B0879-6EB4-471A-9787-01DCA6DEE35A}
	EndGlobalSection
EndGlobal
